
Microsoft Visual Studio Solution File, Format Version 12.00
# Visual Studio Version 16
VisualStudioVersion = 16.0.31005.135
MinimumVisualStudioVersion = 10.0.40219.1
Project("{FAE04EC0-301F-11D3-BF4B-00C04F79EFBC}") = "AppListView.Android", "AppListView\AppListView.Android\AppListView.Android.csproj", "{331C98B6-0F77-4C3B-AC6D-7C09E7F88B73}"
EndProject
Project("{FAE04EC0-301F-11D3-BF4B-00C04F79EFBC}") = "AppListView", "AppListView\AppListView\AppListView.csproj", "{A528C0EB-005D-4960-B923-EEC8BB55D257}"
EndProject
Global
	GlobalSection(SolutionConfigurationPlatforms) = preSolution
		Debug|Any CPU = Debug|Any CPU
		Release|Any CPU = Release|Any CPU
	EndGlobalSection
	GlobalSection(ProjectConfigurationPlatforms) = postSolution
		{331C98B6-0F77-4C3B-AC6D-7C09E7F88B73}.Debug|Any CPU.ActiveCfg = Debug|Any CPU
		{331C98B6-0F77-4C3B-AC6D-7C09E7F88B73}.Debug|Any CPU.Build.0 = Debug|Any CPU
		{331C98B6-0F77-4C3B-AC6D-7C09E7F88B73}.Debug|Any CPU.Deploy.0 = Debug|Any CPU
		{331C98B6-0F77-4C3B-AC6D-7C09E7F88B73}.Release|Any CPU.ActiveCfg = Release|Any CPU
		{331C98B6-0F77-4C3B-AC6D-7C09E7F88B73}.Release|Any CPU.Build.0 = Release|Any CPU
		{331C98B6-0F77-4C3B-AC6D-7C09E7F88B73}.Release|Any CPU.Deploy.0 = Release|Any CPU
		{A528C0EB-005D-4960-B923-EEC8BB55D257}.Debug|Any CPU.ActiveCfg = Debug|Any CPU
		{A528C0EB-005D-4960-B923-EEC8BB55D257}.Debug|Any CPU.Build.0 = Debug|Any CPU
		{A528C0EB-005D-4960-B923-EEC8BB55D257}.Debug|Any CPU.Deploy.0 = Debug|Any CPU
		{A528C0EB-005D-4960-B923-EEC8BB55D257}.Release|Any CPU.ActiveCfg = Release|Any CPU
		{A528C0EB-005D-4960-B923-EEC8BB55D257}.Release|Any CPU.Build.0 = Release|Any CPU
		{A528C0EB-005D-4960-B923-EEC8BB55D257}.Release|Any CPU.Deploy.0 = Release|Any CPU
	EndGlobalSection
	GlobalSection(SolutionProperties) = preSolution
		HideSolutionNode = FALSE
	EndGlobalSection
	GlobalSection(ExtensibilityGlobals) = postSolution
		SolutionGuid = {AB03CE01-156F-4240-95AE-12015EA27987}
	EndGlobalSection
EndGlobal
