
Microsoft Visual Studio Solution File, Format Version 12.00
# Visual Studio Version 16
VisualStudioVersion = 16.0.31005.135
MinimumVisualStudioVersion = 10.0.40219.1
Project("{FAE04EC0-301F-11D3-BF4B-00C04F79EFBC}") = "Exercicio01.Android", "Exercicio01\Exercicio01.Android\Exercicio01.Android.csproj", "{124CF533-E3EF-4043-B355-421386C82375}"
EndProject
Project("{FAE04EC0-301F-11D3-BF4B-00C04F79EFBC}") = "Exercicio01", "Exercicio01\Exercicio01\Exercicio01.csproj", "{F0E78821-6003-4475-9A71-18522E2B392C}"
EndProject
Global
	GlobalSection(SolutionConfigurationPlatforms) = preSolution
		Debug|Any CPU = Debug|Any CPU
		Release|Any CPU = Release|Any CPU
	EndGlobalSection
	GlobalSection(ProjectConfigurationPlatforms) = postSolution
		{124CF533-E3EF-4043-B355-421386C82375}.Debug|Any CPU.ActiveCfg = Debug|Any CPU
		{124CF533-E3EF-4043-B355-421386C82375}.Debug|Any CPU.Build.0 = Debug|Any CPU
		{124CF533-E3EF-4043-B355-421386C82375}.Debug|Any CPU.Deploy.0 = Debug|Any CPU
		{124CF533-E3EF-4043-B355-421386C82375}.Release|Any CPU.ActiveCfg = Release|Any CPU
		{124CF533-E3EF-4043-B355-421386C82375}.Release|Any CPU.Build.0 = Release|Any CPU
		{124CF533-E3EF-4043-B355-421386C82375}.Release|Any CPU.Deploy.0 = Release|Any CPU
		{F0E78821-6003-4475-9A71-18522E2B392C}.Debug|Any CPU.ActiveCfg = Debug|Any CPU
		{F0E78821-6003-4475-9A71-18522E2B392C}.Debug|Any CPU.Build.0 = Debug|Any CPU
		{F0E78821-6003-4475-9A71-18522E2B392C}.Debug|Any CPU.Deploy.0 = Debug|Any CPU
		{F0E78821-6003-4475-9A71-18522E2B392C}.Release|Any CPU.ActiveCfg = Release|Any CPU
		{F0E78821-6003-4475-9A71-18522E2B392C}.Release|Any CPU.Build.0 = Release|Any CPU
		{F0E78821-6003-4475-9A71-18522E2B392C}.Release|Any CPU.Deploy.0 = Release|Any CPU
	EndGlobalSection
	GlobalSection(SolutionProperties) = preSolution
		HideSolutionNode = FALSE
	EndGlobalSection
	GlobalSection(ExtensibilityGlobals) = postSolution
		SolutionGuid = {4679C4CC-BF6E-463D-8184-3D1525E09DD0}
	EndGlobalSection
EndGlobal
